
Microsoft Visual Studio Solution File, Format Version 12.00
# Visual Studio Version 17
VisualStudioVersion = 17.3.32825.248
MinimumVisualStudioVersion = 10.0.40219.1
Project("{FAE04EC0-301F-11D3-BF4B-00C04F79EFBC}") = "lab_8_3", "lab_8_3\lab_8_3.csproj", "{C5570B7E-1F94-487B-AA7B-4D7C4E979DCC}"
EndProject
Global
	GlobalSection(SolutionConfigurationPlatforms) = preSolution
		Debug|Any CPU = Debug|Any CPU
		Release|Any CPU = Release|Any CPU
	EndGlobalSection
	GlobalSection(ProjectConfigurationPlatforms) = postSolution
		{C5570B7E-1F94-487B-AA7B-4D7C4E979DCC}.Debug|Any CPU.ActiveCfg = Debug|Any CPU
		{C5570B7E-1F94-487B-AA7B-4D7C4E979DCC}.Debug|Any CPU.Build.0 = Debug|Any CPU
		{C5570B7E-1F94-487B-AA7B-4D7C4E979DCC}.Release|Any CPU.ActiveCfg = Release|Any CPU
		{C5570B7E-1F94-487B-AA7B-4D7C4E979DCC}.Release|Any CPU.Build.0 = Release|Any CPU
	EndGlobalSection
	GlobalSection(SolutionProperties) = preSolution
		HideSolutionNode = FALSE
	EndGlobalSection
	GlobalSection(ExtensibilityGlobals) = postSolution
		SolutionGuid = {6FB819F2-E7D4-424E-9D1B-26E89063F38F}
	EndGlobalSection
EndGlobal
